# This file is automatically @generated by Cargo.
# It is not intended for manual editing.
version = 4

[[package]]
name = "asset-pipeline"
version = "0.0.0"

[[package]]
name = "gc1805-ai"
version = "0.0.0"

[[package]]
name = "gc1805-cli"
version = "0.0.0"

[[package]]
name = "gc1805-client-desktop"
version = "0.0.0"

[[package]]
name = "gc1805-client-shared"
version = "0.0.0"

[[package]]
name = "gc1805-client-web"
version = "0.0.0"

[[package]]
name = "gc1805-core"
version = "0.0.0"

[[package]]
name = "gc1805-core-rng"
version = "0.0.0"

[[package]]
name = "gc1805-core-schema"
version = "0.0.0"

[[package]]
name = "gc1805-core-validate"
version = "0.0.0"

[[package]]
name = "gc1805-netcode"
version = "0.0.0"

[[package]]
name = "gc1805-server"
version = "0.0.0"

[[package]]
name = "xtask"
version = "0.0.0"
